{
  "name": "ARIAT-Na",
  "lockfileVersion": 3,
  "requires": true,
  "packages": {
    "": {
      "dependencies": {
        "@heroui/switch": "^2.2.26"
      }
    },
    "node_modules/@heroui/react-rsc-utils": {
      "version": "2.1.9",
      "resolved": "https://registry.npmjs.org/@heroui/react-rsc-utils/-/react-rsc-utils-2.1.9.tgz",
      "integrity": "sha512-e77OEjNCmQxE9/pnLDDb93qWkX58/CcgIqdNAczT/zUP+a48NxGq2A2WRimvc1uviwaNL2StriE2DmyZPyYW7Q==",
      "license": "MIT",
      "peerDependencies": {
        "react": ">=18 || >=19.0.0-rc.0"
      }
    },
    "node_modules/@heroui/react-utils": {
      "version": "2.1.14",
      "resolved": "https://registry.npmjs.org/@heroui/react-utils/-/react-utils-2.1.14.tgz",
      "integrity": "sha512-hhKklYKy9sRH52C9A8P0jWQ79W4MkIvOnKBIuxEMHhigjfracy0o0lMnAUdEsJni4oZKVJYqNGdQl+UVgcmeDA==",
      "license": "MIT",
      "dependencies": {
        "@heroui/react-rsc-utils": "2.1.9",
        "@heroui/shared-utils": "2.1.12"
      },
      "peerDependencies": {
        "react": ">=18 || >=19.0.0-rc.0"
      }
    },
    "node_modules/@heroui/shared-utils": {
      "version": "2.1.12",
      "resolved": "https://registry.npmjs.org/@heroui/shared-utils/-/shared-utils-2.1.12.tgz",
      "integrity": "sha512-0iCnxVAkIPtrHQo26Qa5g0UTqMTpugTbClNOrEPsrQuyRAq7Syux998cPwGlneTfB5E5xcU3LiEdA9GUyeK2cQ==",
      "hasInstallScript": true,
      "license": "MIT"
    },
    "node_modules/@heroui/switch": {
      "version": "2.2.26",
      "resolved": "https://registry.npmjs.org/@heroui/switch/-/switch-2.2.26.tgz",
      "integrity": "sha512-c/FCzromB+ww8AObgA0H//jOrhxyn0MllWVeEwMXac7O6z/N4B+fJ8dLCu/vu1zchySFLuDq/PaETEMJ7hKW4A==",
      "license": "MIT",
      "dependencies": {
        "@heroui/react-utils": "2.1.14",
        "@heroui/shared-utils": "2.1.12",
        "@heroui/use-safe-layout-effect": "2.1.8",
        "@react-aria/focus": "3.21.3",
        "@react-aria/interactions": "3.26.0",
        "@react-aria/switch": "3.7.9",
        "@react-aria/visually-hidden": "3.8.29",
        "@react-stately/toggle": "3.9.3"
      },
      "peerDependencies": {
        "@heroui/system": ">=2.4.18",
        "@heroui/theme": ">=2.4.24",
        "react": ">=18 || >=19.0.0-rc.0",
        "react-dom": ">=18 || >=19.0.0-rc.0"
      }
    },
    "node_modules/@heroui/use-safe-layout-effect": {
      "version": "2.1.8",
      "resolved": "https://registry.npmjs.org/@heroui/use-safe-layout-effect/-/use-safe-layout-effect-2.1.8.tgz",
      "integrity": "sha512-wbnZxVWCYqk10XRMu0veSOiVsEnLcmGUmJiapqgaz0fF8XcpSScmqjTSoWjHIEWaHjQZ6xr+oscD761D6QJN+Q==",
      "license": "MIT",
      "peerDependencies": {
        "react": ">=18 || >=19.0.0-rc.0"
      }
    },
    "node_modules/@react-aria/focus": {
      "version": "3.21.3",
      "resolved": "https://registry.npmjs.org/@react-aria/focus/-/focus-3.21.3.tgz",
      "integrity": "sha512-FsquWvjSCwC2/sBk4b+OqJyONETUIXQ2vM0YdPAuC+QFQh2DT6TIBo6dOZVSezlhudDla69xFBd6JvCFq1AbUw==",
      "license": "Apache-2.0",
      "dependencies": {
        "@react-aria/interactions": "^3.26.0",
        "@react-aria/utils": "^3.32.0",
        "@react-types/shared": "^3.32.1",
        "@swc/helpers": "^0.5.0",
        "clsx": "^2.0.0"
      },
      "peerDependencies": {
        "react": "^16.8.0 || ^17.0.0-rc.1 || ^18.0.0 || ^19.0.0-rc.1",
        "react-dom": "^16.8.0 || ^17.0.0-rc.1 || ^18.0.0 || ^19.0.0-rc.1"
      }
    },
    "node_modules/@react-aria/interactions": {
      "version": "3.26.0",
      "resolved": "https://registry.npmjs.org/@react-aria/interactions/-/interactions-3.26.0.tgz",
      "integrity": "sha512-AAEcHiltjfbmP1i9iaVw34Mb7kbkiHpYdqieWufldh4aplWgsF11YQZOfaCJW4QoR2ML4Zzoa9nfFwLXA52R7Q==",
      "license": "Apache-2.0",
      "dependencies": {
        "@react-aria/ssr": "^3.9.10",
        "@react-aria/utils": "^3.32.0",
        "@react-stately/flags": "^3.1.2",
        "@react-types/shared": "^3.32.1",
        "@swc/helpers": "^0.5.0"
      },
      "peerDependencies": {
        "react": "^16.8.0 || ^17.0.0-rc.1 || ^18.0.0 || ^19.0.0-rc.1",
        "react-dom": "^16.8.0 || ^17.0.0-rc.1 || ^18.0.0 || ^19.0.0-rc.1"
      }
    },
    "node_modules/@react-aria/ssr": {
      "version": "3.9.10",
      "resolved": "https://registry.npmjs.org/@react-aria/ssr/-/ssr-3.9.10.tgz",
      "integrity": "sha512-hvTm77Pf+pMBhuBm760Li0BVIO38jv1IBws1xFm1NoL26PU+fe+FMW5+VZWyANR6nYL65joaJKZqOdTQMkO9IQ==",
      "license": "Apache-2.0",
      "dependencies": {
        "@swc/helpers": "^0.5.0"
      },
      "engines": {
        "node": ">= 12"
      },
      "peerDependencies": {
        "react": "^16.8.0 || ^17.0.0-rc.1 || ^18.0.0 || ^19.0.0-rc.1"
      }
    },
    "node_modules/@react-aria/switch": {
      "version": "3.7.9",
      "resolved": "https://registry.npmjs.org/@react-aria/switch/-/switch-3.7.9.tgz",
      "integrity": "sha512-RZtuFRXews0PBx8Fc2R/kqaIARD5YIM5uYtmwnWfY7y5bEsBGONxp0d+m2vDyY7yk+VNpVFBdwewY9GbZmH1CA==",
      "license": "Apache-2.0",
      "dependencies": {
        "@react-aria/toggle": "^3.12.3",
        "@react-stately/toggle": "^3.9.3",
        "@react-types/shared": "^3.32.1",
        "@react-types/switch": "^3.5.15",
        "@swc/helpers": "^0.5.0"
      },
      "peerDependencies": {
        "react": "^16.8.0 || ^17.0.0-rc.1 || ^18.0.0 || ^19.0.0-rc.1",
        "react-dom": "^16.8.0 || ^17.0.0-rc.1 || ^18.0.0 || ^19.0.0-rc.1"
      }
    },
    "node_modules/@react-aria/toggle": {
      "version": "3.12.4",
      "resolved": "https://registry.npmjs.org/@react-aria/toggle/-/toggle-3.12.4.tgz",
      "integrity": "sha512-yVcl8kEFLsV47aCA22EMPcd/KWoYqPIPSzoKjRD/iWmxcP6iGzSxDjdUgMQojNGY8Q6wL8lUxfRqKBjvl/uezQ==",
      "license": "Apache-2.0",
      "dependencies": {
        "@react-aria/interactions": "^3.27.0",
        "@react-aria/utils": "^3.33.0",
        "@react-stately/toggle": "^3.9.4",
        "@react-types/checkbox": "^3.10.3",
        "@react-types/shared": "^3.33.0",
        "@swc/helpers": "^0.5.0"
      },
      "peerDependencies": {
        "react": "^16.8.0 || ^17.0.0-rc.1 || ^18.0.0 || ^19.0.0-rc.1",
        "react-dom": "^16.8.0 || ^17.0.0-rc.1 || ^18.0.0 || ^19.0.0-rc.1"
      }
    },
    "node_modules/@react-aria/toggle/node_modules/@react-aria/interactions": {
      "version": "3.27.0",
      "resolved": "https://registry.npmjs.org/@react-aria/interactions/-/interactions-3.27.0.tgz",
      "integrity": "sha512-D27pOy+0jIfHK60BB26AgqjjRFOYdvVSkwC31b2LicIzRCSPOSP06V4gMHuGmkhNTF4+YWDi1HHYjxIvMeiSlA==",
      "license": "Apache-2.0",
      "dependencies": {
        "@react-aria/ssr": "^3.9.10",
        "@react-aria/utils": "^3.33.0",
        "@react-stately/flags": "^3.1.2",
        "@react-types/shared": "^3.33.0",
        "@swc/helpers": "^0.5.0"
      },
      "peerDependencies": {
        "react": "^16.8.0 || ^17.0.0-rc.1 || ^18.0.0 || ^19.0.0-rc.1",
        "react-dom": "^16.8.0 || ^17.0.0-rc.1 || ^18.0.0 || ^19.0.0-rc.1"
      }
    },
    "node_modules/@react-aria/toggle/node_modules/@react-stately/toggle": {
      "version": "3.9.4",
      "resolved": "https://registry.npmjs.org/@react-stately/toggle/-/toggle-3.9.4.tgz",
      "integrity": "sha512-tjWsshRJtHC+PI5NYMlnDlV/BTo1eWq6fmR6x1mXlQfKuKGTJRzhgJyaQ2mc5K+LkifD7fchOhfapHCrRlzwMg==",
      "license": "Apache-2.0",
      "dependencies": {
        "@react-stately/utils": "^3.11.0",
        "@react-types/checkbox": "^3.10.3",
        "@react-types/shared": "^3.33.0",
        "@swc/helpers": "^0.5.0"
      },
      "peerDependencies": {
        "react": "^16.8.0 || ^17.0.0-rc.1 || ^18.0.0 || ^19.0.0-rc.1"
      }
    },
    "node_modules/@react-aria/utils": {
      "version": "3.33.0",
      "resolved": "https://registry.npmjs.org/@react-aria/utils/-/utils-3.33.0.tgz",
      "integrity": "sha512-yvz7CMH8d2VjwbSa5nGXqjU031tYhD8ddax95VzJsHSPyqHDEGfxul8RkhGV6oO7bVqZxVs6xY66NIgae+FHjw==",
      "license": "Apache-2.0",
      "dependencies": {
        "@react-aria/ssr": "^3.9.10",
        "@react-stately/flags": "^3.1.2",
        "@react-stately/utils": "^3.11.0",
        "@react-types/shared": "^3.33.0",
        "@swc/helpers": "^0.5.0",
        "clsx": "^2.0.0"
      },
      "peerDependencies": {
        "react": "^16.8.0 || ^17.0.0-rc.1 || ^18.0.0 || ^19.0.0-rc.1",
        "react-dom": "^16.8.0 || ^17.0.0-rc.1 || ^18.0.0 || ^19.0.0-rc.1"
      }
    },
    "node_modules/@react-aria/visually-hidden": {
      "version": "3.8.29",
      "resolved": "https://registry.npmjs.org/@react-aria/visually-hidden/-/visually-hidden-3.8.29.tgz",
      "integrity": "sha512-1joCP+MHBLd+YA6Gb08nMFfDBhOF0Kh1gR1SA8zoxEB5RMfQEEkufIB8k0GGwvHGSCK3gFyO8UAVsD0+rRYEyg==",
      "license": "Apache-2.0",
      "dependencies": {
        "@react-aria/interactions": "^3.26.0",
        "@react-aria/utils": "^3.32.0",
        "@react-types/shared": "^3.32.1",
        "@swc/helpers": "^0.5.0"
      },
      "peerDependencies": {
        "react": "^16.8.0 || ^17.0.0-rc.1 || ^18.0.0 || ^19.0.0-rc.1",
        "react-dom": "^16.8.0 || ^17.0.0-rc.1 || ^18.0.0 || ^19.0.0-rc.1"
      }
    },
    "node_modules/@react-stately/flags": {
      "version": "3.1.2",
      "resolved": "https://registry.npmjs.org/@react-stately/flags/-/flags-3.1.2.tgz",
      "integrity": "sha512-2HjFcZx1MyQXoPqcBGALwWWmgFVUk2TuKVIQxCbRq7fPyWXIl6VHcakCLurdtYC2Iks7zizvz0Idv48MQ38DWg==",
      "license": "Apache-2.0",
      "dependencies": {
        "@swc/helpers": "^0.5.0"
      }
    },
    "node_modules/@react-stately/toggle": {
      "version": "3.9.3",
      "resolved": "https://registry.npmjs.org/@react-stately/toggle/-/toggle-3.9.3.tgz",
      "integrity": "sha512-G6aA/aTnid/6dQ9dxNEd7/JqzRmVkVYYpOAP+l02hepiuSmFwLu4nE98i4YFBQqFZ5b4l01gMrS90JGL7HrNmw==",
      "license": "Apache-2.0",
      "dependencies": {
        "@react-stately/utils": "^3.11.0",
        "@react-types/checkbox": "^3.10.2",
        "@react-types/shared": "^3.32.1",
        "@swc/helpers": "^0.5.0"
      },
      "peerDependencies": {
        "react": "^16.8.0 || ^17.0.0-rc.1 || ^18.0.0 || ^19.0.0-rc.1"
      }
    },
    "node_modules/@react-stately/utils": {
      "version": "3.11.0",
      "resolved": "https://registry.npmjs.org/@react-stately/utils/-/utils-3.11.0.tgz",
      "integrity": "sha512-8LZpYowJ9eZmmYLpudbo/eclIRnbhWIJZ994ncmlKlouNzKohtM8qTC6B1w1pwUbiwGdUoyzLuQbeaIor5Dvcw==",
      "license": "Apache-2.0",
      "dependencies": {
        "@swc/helpers": "^0.5.0"
      },
      "peerDependencies": {
        "react": "^16.8.0 || ^17.0.0-rc.1 || ^18.0.0 || ^19.0.0-rc.1"
      }
    },
    "node_modules/@react-types/checkbox": {
      "version": "3.10.3",
      "resolved": "https://registry.npmjs.org/@react-types/checkbox/-/checkbox-3.10.3.tgz",
      "integrity": "sha512-Xw4jHG7uK352Wc18XXzdzmtr3Xjg8d2tPoBGNgsw39f92EY2UpoDAPHxYR0BaDe04lGfAn6YwVivI4OGVbjXIg==",
      "license": "Apache-2.0",
      "dependencies": {
        "@react-types/shared": "^3.33.0"
      },
      "peerDependencies": {
        "react": "^16.8.0 || ^17.0.0-rc.1 || ^18.0.0 || ^19.0.0-rc.1"
      }
    },
    "node_modules/@react-types/shared": {
      "version": "3.33.0",
      "resolved": "https://registry.npmjs.org/@react-types/shared/-/shared-3.33.0.tgz",
      "integrity": "sha512-xuUpP6MyuPmJtzNOqF5pzFUIHH2YogyOQfUQHag54PRmWB7AbjuGWBUv0l1UDmz6+AbzAYGmDVAzcRDOu2PFpw==",
      "license": "Apache-2.0",
      "peerDependencies": {
        "react": "^16.8.0 || ^17.0.0-rc.1 || ^18.0.0 || ^19.0.0-rc.1"
      }
    },
    "node_modules/@react-types/switch": {
      "version": "3.5.16",
      "resolved": "https://registry.npmjs.org/@react-types/switch/-/switch-3.5.16.tgz",
      "integrity": "sha512-6fynclkyg0wGHo3f1bwk4Z+gZZEg0Z63iP5TFhgHWdZ8W+Uq6F3u7V4IgQpuJ2NleL1c2jy2/CKdS9v06ac2Og==",
      "license": "Apache-2.0",
      "dependencies": {
        "@react-types/shared": "^3.33.0"
      },
      "peerDependencies": {
        "react": "^16.8.0 || ^17.0.0-rc.1 || ^18.0.0 || ^19.0.0-rc.1"
      }
    },
    "node_modules/@swc/helpers": {
      "version": "0.5.18",
      "resolved": "https://registry.npmjs.org/@swc/helpers/-/helpers-0.5.18.tgz",
      "integrity": "sha512-TXTnIcNJQEKwThMMqBXsZ4VGAza6bvN4pa41Rkqoio6QBKMvo+5lexeTMScGCIxtzgQJzElcvIltani+adC5PQ==",
      "license": "Apache-2.0",
      "dependencies": {
        "tslib": "^2.8.0"
      }
    },
    "node_modules/clsx": {
      "version": "2.1.1",
      "resolved": "https://registry.npmjs.org/clsx/-/clsx-2.1.1.tgz",
      "integrity": "sha512-eYm0QWBtUrBWZWG0d386OGAw16Z995PiOVo2B7bjWSbHedGl5e0ZWaq65kOGgUSNesEIDkB9ISbTg/JK9dhCZA==",
      "license": "MIT",
      "engines": {
        "node": ">=6"
      }
    },
    "node_modules/tslib": {
      "version": "2.8.1",
      "resolved": "https://registry.npmjs.org/tslib/-/tslib-2.8.1.tgz",
      "integrity": "sha512-oJFu94HQb+KVduSUQL7wnpmqnfmLsOA/nAh6b6EH0wCEoK0/mPeXU6c3wKDV83MkOuHPRHtSXKKU99IBazS/2w==",
      "license": "0BSD"
    }
  }
}
